
Microsoft Visual Studio Solution File, Format Version 12.00
# Visual Studio Version 17
VisualStudioVersion = 17.14.36414.22 d17.14
MinimumVisualStudioVersion = 10.0.40219.1
Project("{FAE04EC0-301F-11D3-BF4B-00C04F79EFBC}") = "WinFormsApp1", "WinFormsApp1.csproj", "{CC3CA1B9-9CDF-49AF-A6E2-168FA72E0C63}"
EndProject
Global
	GlobalSection(SolutionConfigurationPlatforms) = preSolution
		Debug|Any CPU = Debug|Any CPU
		Release|Any CPU = Release|Any CPU
	EndGlobalSection
	GlobalSection(ProjectConfigurationPlatforms) = postSolution
		{CC3CA1B9-9CDF-49AF-A6E2-168FA72E0C63}.Debug|Any CPU.ActiveCfg = Debug|Any CPU
		{CC3CA1B9-9CDF-49AF-A6E2-168FA72E0C63}.Debug|Any CPU.Build.0 = Debug|Any CPU
		{CC3CA1B9-9CDF-49AF-A6E2-168FA72E0C63}.Release|Any CPU.ActiveCfg = Release|Any CPU
		{CC3CA1B9-9CDF-49AF-A6E2-168FA72E0C63}.Release|Any CPU.Build.0 = Release|Any CPU
	EndGlobalSection
	GlobalSection(SolutionProperties) = preSolution
		HideSolutionNode = FALSE
	EndGlobalSection
	GlobalSection(ExtensibilityGlobals) = postSolution
		SolutionGuid = {DB8337DE-BF90-4F59-9DDC-D1365F7E0EE2}
	EndGlobalSection
EndGlobal
